
Microsoft Visual Studio Solution File, Format Version 12.00
# Visual Studio 14
VisualStudioVersion = 14.0.24720.0
MinimumVisualStudioVersion = 10.0.40219.1
Project("{FAE04EC0-301F-11D3-BF4B-00C04F79EFBC}") = "RestService", "RestService\RestService.csproj", "{2E95C706-9430-4D93-8434-85C5A106AEAA}"
EndProject
Project("{FAE04EC0-301F-11D3-BF4B-00C04F79EFBC}") = "RESTTests", "RESTTests\RESTTests.csproj", "{3323B5C4-0060-4ED1-91B8-EA9BA3030CF2}"
EndProject
Global
	GlobalSection(SolutionConfigurationPlatforms) = preSolution
		Debug|Any CPU = Debug|Any CPU
		Release|Any CPU = Release|Any CPU
	EndGlobalSection
	GlobalSection(ProjectConfigurationPlatforms) = postSolution
		{2E95C706-9430-4D93-8434-85C5A106AEAA}.Debug|Any CPU.ActiveCfg = Debug|Any CPU
		{2E95C706-9430-4D93-8434-85C5A106AEAA}.Debug|Any CPU.Build.0 = Debug|Any CPU
		{2E95C706-9430-4D93-8434-85C5A106AEAA}.Release|Any CPU.ActiveCfg = Release|Any CPU
		{2E95C706-9430-4D93-8434-85C5A106AEAA}.Release|Any CPU.Build.0 = Release|Any CPU
		{3323B5C4-0060-4ED1-91B8-EA9BA3030CF2}.Debug|Any CPU.ActiveCfg = Debug|Any CPU
		{3323B5C4-0060-4ED1-91B8-EA9BA3030CF2}.Debug|Any CPU.Build.0 = Debug|Any CPU
		{3323B5C4-0060-4ED1-91B8-EA9BA3030CF2}.Release|Any CPU.ActiveCfg = Release|Any CPU
		{3323B5C4-0060-4ED1-91B8-EA9BA3030CF2}.Release|Any CPU.Build.0 = Release|Any CPU
	EndGlobalSection
	GlobalSection(SolutionProperties) = preSolution
		HideSolutionNode = FALSE
	EndGlobalSection
EndGlobal
